
Microsoft Visual Studio Solution File, Format Version 12.00
# Visual Studio Version 17
VisualStudioVersion = 17.2.32630.192
MinimumVisualStudioVersion = 10.0.40219.1
Project("{FAE04EC0-301F-11D3-BF4B-00C04F79EFBC}") = "Graf", "Graf\Graf.csproj", "{E1DFAC46-F329-413B-A29B-A2D37F6064E4}"
EndProject
Global
	GlobalSection(SolutionConfigurationPlatforms) = preSolution
		Debug|Any CPU = Debug|Any CPU
		Release|Any CPU = Release|Any CPU
	EndGlobalSection
	GlobalSection(ProjectConfigurationPlatforms) = postSolution
		{E1DFAC46-F329-413B-A29B-A2D37F6064E4}.Debug|Any CPU.ActiveCfg = Debug|Any CPU
		{E1DFAC46-F329-413B-A29B-A2D37F6064E4}.Debug|Any CPU.Build.0 = Debug|Any CPU
		{E1DFAC46-F329-413B-A29B-A2D37F6064E4}.Release|Any CPU.ActiveCfg = Release|Any CPU
		{E1DFAC46-F329-413B-A29B-A2D37F6064E4}.Release|Any CPU.Build.0 = Release|Any CPU
	EndGlobalSection
	GlobalSection(SolutionProperties) = preSolution
		HideSolutionNode = FALSE
	EndGlobalSection
	GlobalSection(ExtensibilityGlobals) = postSolution
		SolutionGuid = {A955D615-179C-4FCF-A05B-0DF36ADEE65A}
	EndGlobalSection
EndGlobal
